Microsoft Visual Studio Solution File, Format Version 12.00
# Visual Studio Version 17
VisualStudioVersion = 17.5.2.0
MinimumVisualStudioVersion = 10.0.40219.1
Project("{FAE04EC0-301F-11D3-BF4B-00C04F79EFBC}") = "TennisCourtRentalSystem", "TennisCourtRentalSystem.csproj", "{52451A16-AAF3-7DF2-1089-2111DEAFBFE8}"
EndProject
Global
	GlobalSection(SolutionConfigurationPlatforms) = preSolution
		Debug|Any CPU = Debug|Any CPU
		Release|Any CPU = Release|Any CPU
	EndGlobalSection
	GlobalSection(ProjectConfigurationPlatforms) = postSolution
		{52451A16-AAF3-7DF2-1089-2111DEAFBFE8}.Debug|Any CPU.ActiveCfg = Debug|Any CPU
		{52451A16-AAF3-7DF2-1089-2111DEAFBFE8}.Debug|Any CPU.Build.0 = Debug|Any CPU
		{52451A16-AAF3-7DF2-1089-2111DEAFBFE8}.Release|Any CPU.ActiveCfg = Release|Any CPU
		{52451A16-AAF3-7DF2-1089-2111DEAFBFE8}.Release|Any CPU.Build.0 = Release|Any CPU
	EndGlobalSection
	GlobalSection(SolutionProperties) = preSolution
		HideSolutionNode = FALSE
	EndGlobalSection
	GlobalSection(ExtensibilityGlobals) = postSolution
		SolutionGuid = {71310528-153C-440D-92AA-0FCD6FA2FFBA}
	EndGlobalSection
EndGlobal
